
Microsoft Visual Studio Solution File, Format Version 12.00
# Visual Studio Version 17
VisualStudioVersion = 17.7.34031.279
MinimumVisualStudioVersion = 10.0.40219.1
Project("{FAE04EC0-301F-11D3-BF4B-00C04F79EFBC}") = "Serializer", "Serializer\Serializer.csproj", "{146E2949-473E-4518-BB7E-545D3EEC3469}"
EndProject
Global
	GlobalSection(SolutionConfigurationPlatforms) = preSolution
		Debug|Any CPU = Debug|Any CPU
		Release|Any CPU = Release|Any CPU
	EndGlobalSection
	GlobalSection(ProjectConfigurationPlatforms) = postSolution
		{146E2949-473E-4518-BB7E-545D3EEC3469}.Debug|Any CPU.ActiveCfg = Debug|Any CPU
		{146E2949-473E-4518-BB7E-545D3EEC3469}.Debug|Any CPU.Build.0 = Debug|Any CPU
		{146E2949-473E-4518-BB7E-545D3EEC3469}.Release|Any CPU.ActiveCfg = Release|Any CPU
		{146E2949-473E-4518-BB7E-545D3EEC3469}.Release|Any CPU.Build.0 = Release|Any CPU
	EndGlobalSection
	GlobalSection(SolutionProperties) = preSolution
		HideSolutionNode = FALSE
	EndGlobalSection
	GlobalSection(ExtensibilityGlobals) = postSolution
		SolutionGuid = {79308696-8506-4919-BDD5-B2C1DDA3ACC8}
	EndGlobalSection
EndGlobal
